
Microsoft Visual Studio Solution File, Format Version 12.00
# Visual Studio Express 2013 for Windows Desktop
VisualStudioVersion = 12.0.30723.0
MinimumVisualStudioVersion = 10.0.40219.1
Project("{FAE04EC0-301F-11D3-BF4B-00C04F79EFBC}") = "KCBPClientTestConsole", "KCBPClientTestConsole\KCBPClientTestConsole.csproj", "{5C8C474B-5A7D-40E5-88B8-68D5232EFEA5}"
EndProject
Global
	GlobalSection(SolutionConfigurationPlatforms) = preSolution
		Debug|Any CPU = Debug|Any CPU
		Debug|Mixed Platforms = Debug|Mixed Platforms
		Debug|Win32 = Debug|Win32
		Release|Any CPU = Release|Any CPU
		Release|Mixed Platforms = Release|Mixed Platforms
		Release|Win32 = Release|Win32
	EndGlobalSection
	GlobalSection(ProjectConfigurationPlatforms) = postSolution
		{5C8C474B-5A7D-40E5-88B8-68D5232EFEA5}.Debug|Any CPU.ActiveCfg = Debug|Any CPU
		{5C8C474B-5A7D-40E5-88B8-68D5232EFEA5}.Debug|Any CPU.Build.0 = Debug|Any CPU
		{5C8C474B-5A7D-40E5-88B8-68D5232EFEA5}.Debug|Mixed Platforms.ActiveCfg = Debug|Any CPU
		{5C8C474B-5A7D-40E5-88B8-68D5232EFEA5}.Debug|Mixed Platforms.Build.0 = Debug|Any CPU
		{5C8C474B-5A7D-40E5-88B8-68D5232EFEA5}.Debug|Win32.ActiveCfg = Debug|Any CPU
		{5C8C474B-5A7D-40E5-88B8-68D5232EFEA5}.Release|Any CPU.ActiveCfg = Release|Any CPU
		{5C8C474B-5A7D-40E5-88B8-68D5232EFEA5}.Release|Any CPU.Build.0 = Release|Any CPU
		{5C8C474B-5A7D-40E5-88B8-68D5232EFEA5}.Release|Mixed Platforms.ActiveCfg = Release|Any CPU
		{5C8C474B-5A7D-40E5-88B8-68D5232EFEA5}.Release|Mixed Platforms.Build.0 = Release|Any CPU
		{5C8C474B-5A7D-40E5-88B8-68D5232EFEA5}.Release|Win32.ActiveCfg = Release|Any CPU
	EndGlobalSection
	GlobalSection(SolutionProperties) = preSolution
		HideSolutionNode = FALSE
	EndGlobalSection
EndGlobal
